// !$*UTF8*$!
{
	archiveVersion = 1;
	classes = {
	};
	objectVersion = 55;
	objects = {

/* Begin PBXBuildFile section */
		4806A09526CDFF50005AEB93 /* OtherApper.swift in Sources */ = {isa = PBXBuildFile; fileRef = 4806A09326CDF9E7005AEB93 /* OtherApper.swift */; };
		4806A09726D34788005AEB93 /* Logger.swift in Sources */ = {isa = PBXBuildFile; fileRef = 4806A09626D34788005AEB93 /* Logger.swift */; };
		4806A09826D34788005AEB93 /* Logger.swift in Sources */ = {isa = PBXBuildFile; fileRef = 4806A09626D34788005AEB93 /* Logger.swift */; };
		482D463D26D4303E008597FA /* Producer.swift in Sources */ = {isa = PBXBuildFile; fileRef = 482D463C26D4303E008597FA /* Producer.swift */; };
		482D463F26D43054008597FA /* Consumer.swift in Sources */ = {isa = PBXBuildFile; fileRef = 482D463E26D43054008597FA /* Consumer.swift */; };
		482D464126D5A69A008597FA /* OtherApper.swift in Sources */ = {isa = PBXBuildFile; fileRef = 4806A09326CDF9E7005AEB93 /* OtherApper.swift */; };
		482D465826E3F36A008597FA /* DemoAppKeys.swift in Sources */ = {isa = PBXBuildFile; fileRef = 482D465726E3F36A008597FA /* DemoAppKeys.swift */; };
		482D465926E3F36A008597FA /* DemoAppKeys.swift in Sources */ = {isa = PBXBuildFile; fileRef = 482D465726E3F36A008597FA /* DemoAppKeys.swift */; };
		482D465B26E48A9F008597FA /* NSString+Truncate.swift in Sources */ = {isa = PBXBuildFile; fileRef = 482D465A26E48A9F008597FA /* NSString+Truncate.swift */; };
		482D465C26E48A9F008597FA /* NSString+Truncate.swift in Sources */ = {isa = PBXBuildFile; fileRef = 482D465A26E48A9F008597FA /* NSString+Truncate.swift */; };
		48AAADAD26AE1C96005AB04F /* UDSDMainAppApp.swift in Sources */ = {isa = PBXBuildFile; fileRef = 48AAADAC26AE1C96005AB04F /* UDSDMainAppApp.swift */; };
		48AAADAF26AE1C96005AB04F /* MainContentView.swift in Sources */ = {isa = PBXBuildFile; fileRef = 48AAADAE26AE1C96005AB04F /* MainContentView.swift */; };
		48AAADB126AE1C97005AB04F /* Assets.xcassets in Resources */ = {isa = PBXBuildFile; fileRef = 48AAADB026AE1C97005AB04F /* Assets.xcassets */; };
		48AAADB426AE1C97005AB04F /* Preview Assets.xcassets in Resources */ = {isa = PBXBuildFile; fileRef = 48AAADB326AE1C97005AB04F /* Preview Assets.xcassets */; };
		48AAADCB26AE1CF8005AB04F /* UDSDHelperAppApp.swift in Sources */ = {isa = PBXBuildFile; fileRef = 48AAADCA26AE1CF8005AB04F /* UDSDHelperAppApp.swift */; };
		48AAADCD26AE1CF8005AB04F /* HelperContentView.swift in Sources */ = {isa = PBXBuildFile; fileRef = 48AAADCC26AE1CF8005AB04F /* HelperContentView.swift */; };
		48AAADCF26AE1CF9005AB04F /* Assets.xcassets in Resources */ = {isa = PBXBuildFile; fileRef = 48AAADCE26AE1CF9005AB04F /* Assets.xcassets */; };
		48AAADD226AE1CF9005AB04F /* Preview Assets.xcassets in Resources */ = {isa = PBXBuildFile; fileRef = 48AAADD126AE1CF9005AB04F /* Preview Assets.xcassets */; };
		48AAAE0326AE6961005AB04F /* UDSocket.swift in Sources */ = {isa = PBXBuildFile; fileRef = 48AAAE0226AE6961005AB04F /* UDSocket.swift */; };
		48AAAE0426AE6961005AB04F /* UDSocket.swift in Sources */ = {isa = PBXBuildFile; fileRef = 48AAAE0226AE6961005AB04F /* UDSocket.swift */; };
		48AAAE0626AE7181005AB04F /* UDSClient.swift in Sources */ = {isa = PBXBuildFile; fileRef = 48AAAE0526AE7181005AB04F /* UDSClient.swift */; };
		48AAAE0726AE7181005AB04F /* UDSClient.swift in Sources */ = {isa = PBXBuildFile; fileRef = 48AAAE0526AE7181005AB04F /* UDSClient.swift */; };
		48AAAE0926AE718A005AB04F /* UDSServer.swift in Sources */ = {isa = PBXBuildFile; fileRef = 48AAAE0826AE7189005AB04F /* UDSServer.swift */; };
		48AAAE0A26AE718A005AB04F /* UDSServer.swift in Sources */ = {isa = PBXBuildFile; fileRef = 48AAAE0826AE7189005AB04F /* UDSServer.swift */; };
/* End PBXBuildFile section */

/* Begin PBXContainerItemProxy section */
		4814FB8426B7B9E100376C37 /* PBXContainerItemProxy */ = {
			isa = PBXContainerItemProxy;
			containerPortal = 48170D9426A7957300005954 /* Project object */;
			proxyType = 1;
			remoteGlobalIDString = 48AAADC726AE1CF8005AB04F;
			remoteInfo = UDSDHelperApp;
		};
/* End PBXContainerItemProxy section */

/* Begin PBXFileReference section */
		4806A09326CDF9E7005AEB93 /* OtherApper.swift */ = {isa = PBXFileReference; lastKnownFileType = sourcecode.swift; path = OtherApper.swift; sourceTree = "<group>"; };
		4806A09626D34788005AEB93 /* Logger.swift */ = {isa = PBXFileReference; lastKnownFileType = sourcecode.swift; path = Logger.swift; sourceTree = "<group>"; };
		482D463C26D4303E008597FA /* Producer.swift */ = {isa = PBXFileReference; fileEncoding = 4; lastKnownFileType = sourcecode.swift; path = Producer.swift; sourceTree = "<group>"; };
		482D463E26D43054008597FA /* Consumer.swift */ = {isa = PBXFileReference; fileEncoding = 4; lastKnownFileType = sourcecode.swift; path = Consumer.swift; sourceTree = "<group>"; };
		482D464026D57633008597FA /* README.md */ = {isa = PBXFileReference; lastKnownFileType = net.daringfireball.markdown; path = README.md; sourceTree = "<group>"; wrapsLines = 1; };
		482D465726E3F36A008597FA /* DemoAppKeys.swift */ = {isa = PBXFileReference; lastKnownFileType = sourcecode.swift; path = DemoAppKeys.swift; sourceTree = "<group>"; };
		482D465A26E48A9F008597FA /* NSString+Truncate.swift */ = {isa = PBXFileReference; fileEncoding = 4; lastKnownFileType = sourcecode.swift; path = "NSString+Truncate.swift"; sourceTree = "<group>"; };
		48AAADAA26AE1C96005AB04F /* UDSDMainApp.app */ = {isa = PBXFileReference; explicitFileType = wrapper.application; includeInIndex = 0; path = UDSDMainApp.app; sourceTree = BUILT_PRODUCTS_DIR; };
		48AAADAC26AE1C96005AB04F /* UDSDMainAppApp.swift */ = {isa = PBXFileReference; lastKnownFileType = sourcecode.swift; path = UDSDMainAppApp.swift; sourceTree = "<group>"; };
		48AAADAE26AE1C96005AB04F /* MainContentView.swift */ = {isa = PBXFileReference; lastKnownFileType = sourcecode.swift; path = MainContentView.swift; sourceTree = "<group>"; };
		48AAADB026AE1C97005AB04F /* Assets.xcassets */ = {isa = PBXFileReference; lastKnownFileType = folder.assetcatalog; path = Assets.xcassets; sourceTree = "<group>"; };
		48AAADB326AE1C97005AB04F /* Preview Assets.xcassets */ = {isa = PBXFileReference; lastKnownFileType = folder.assetcatalog; path = "Preview Assets.xcassets"; sourceTree = "<group>"; };
		48AAADC826AE1CF8005AB04F /* UDSDHelperApp.app */ = {isa = PBXFileReference; explicitFileType = wrapper.application; includeInIndex = 0; path = UDSDHelperApp.app; sourceTree = BUILT_PRODUCTS_DIR; };
		48AAADCA26AE1CF8005AB04F /* UDSDHelperAppApp.swift */ = {isa = PBXFileReference; lastKnownFileType = sourcecode.swift; path = UDSDHelperAppApp.swift; sourceTree = "<group>"; };
		48AAADCC26AE1CF8005AB04F /* HelperContentView.swift */ = {isa = PBXFileReference; lastKnownFileType = sourcecode.swift; path = HelperContentView.swift; sourceTree = "<group>"; };
		48AAADCE26AE1CF9005AB04F /* Assets.xcassets */ = {isa = PBXFileReference; lastKnownFileType = folder.assetcatalog; path = Assets.xcassets; sourceTree = "<group>"; };
		48AAADD126AE1CF9005AB04F /* Preview Assets.xcassets */ = {isa = PBXFileReference; lastKnownFileType = folder.assetcatalog; path = "Preview Assets.xcassets"; sourceTree = "<group>"; };
		48AAAE0226AE6961005AB04F /* UDSocket.swift */ = {isa = PBXFileReference; lastKnownFileType = sourcecode.swift; path = UDSocket.swift; sourceTree = "<group>"; };
		48AAAE0526AE7181005AB04F /* UDSClient.swift */ = {isa = PBXFileReference; lastKnownFileType = sourcecode.swift; path = UDSClient.swift; sourceTree = "<group>"; };
		48AAAE0826AE7189005AB04F /* UDSServer.swift */ = {isa = PBXFileReference; lastKnownFileType = sourcecode.swift; path = UDSServer.swift; sourceTree = "<group>"; };
/* End PBXFileReference section */

/* Begin PBXFrameworksBuildPhase section */
		48AAADA726AE1C96005AB04F /* Frameworks */ = {
			isa = PBXFrameworksBuildPhase;
			buildActionMask = 2147483647;
			files = (
			);
			runOnlyForDeploymentPostprocessing = 0;
		};
		48AAADC526AE1CF8005AB04F /* Frameworks */ = {
			isa = PBXFrameworksBuildPhase;
			buildActionMask = 2147483647;
			files = (
			);
			runOnlyForDeploymentPostprocessing = 0;
		};
/* End PBXFrameworksBuildPhase section */

/* Begin PBXGroup section */
		48170D9326A7957300005954 = {
			isa = PBXGroup;
			children = (
				482D464026D57633008597FA /* README.md */,
				48170D9E26A7957300005954 /* UnixDomainSockets */,
				48AAADAB26AE1C96005AB04F /* Demo Main App */,
				48AAADC926AE1CF8005AB04F /* Demo Helper App */,
				482D465626E3F321008597FA /* Demo App Common */,
				482D465526E3F2F1008597FA /* Demo App Utilities */,
				48170D9D26A7957300005954 /* Products */,
			);
			sourceTree = "<group>";
		};
		48170D9D26A7957300005954 /* Products */ = {
			isa = PBXGroup;
			children = (
				48AAADAA26AE1C96005AB04F /* UDSDMainApp.app */,
				48AAADC826AE1CF8005AB04F /* UDSDHelperApp.app */,
			);
			name = Products;
			sourceTree = "<group>";
		};
		48170D9E26A7957300005954 /* UnixDomainSockets */ = {
			isa = PBXGroup;
			children = (
				48AAAE0226AE6961005AB04F /* UDSocket.swift */,
				48AAAE0526AE7181005AB04F /* UDSClient.swift */,
				48AAAE0826AE7189005AB04F /* UDSServer.swift */,
			);
			path = UnixDomainSockets;
			sourceTree = "<group>";
		};
		482D465526E3F2F1008597FA /* Demo App Utilities */ = {
			isa = PBXGroup;
			children = (
				482D465A26E48A9F008597FA /* NSString+Truncate.swift */,
				4806A09326CDF9E7005AEB93 /* OtherApper.swift */,
				4806A09626D34788005AEB93 /* Logger.swift */,
			);
			path = "Demo App Utilities";
			sourceTree = "<group>";
		};
		482D465626E3F321008597FA /* Demo App Common */ = {
			isa = PBXGroup;
			children = (
				482D465726E3F36A008597FA /* DemoAppKeys.swift */,
			);
			path = "Demo App Common";
			sourceTree = "<group>";
		};
		48AAADAB26AE1C96005AB04F /* Demo Main App */ = {
			isa = PBXGroup;
			children = (
				48AAADAC26AE1C96005AB04F /* UDSDMainAppApp.swift */,
				48AAADAE26AE1C96005AB04F /* MainContentView.swift */,
				482D463E26D43054008597FA /* Consumer.swift */,
				48AAADB026AE1C97005AB04F /* Assets.xcassets */,
				48AAADB226AE1C97005AB04F /* Preview Content */,
			);
			path = "Demo Main App";
			sourceTree = "<group>";
		};
		48AAADB226AE1C97005AB04F /* Preview Content */ = {
			isa = PBXGroup;
			children = (
				48AAADB326AE1C97005AB04F /* Preview Assets.xcassets */,
			);
			path = "Preview Content";
			sourceTree = "<group>";
		};
		48AAADC926AE1CF8005AB04F /* Demo Helper App */ = {
			isa = PBXGroup;
			children = (
				48AAADCA26AE1CF8005AB04F /* UDSDHelperAppApp.swift */,
				48AAADCC26AE1CF8005AB04F /* HelperContentView.swift */,
				482D463C26D4303E008597FA /* Producer.swift */,
				48AAADCE26AE1CF9005AB04F /* Assets.xcassets */,
				48AAADD026AE1CF9005AB04F /* Preview Content */,
			);
			path = "Demo Helper App";
			sourceTree = "<group>";
		};
		48AAADD026AE1CF9005AB04F /* Preview Content */ = {
			isa = PBXGroup;
			children = (
				48AAADD126AE1CF9005AB04F /* Preview Assets.xcassets */,
			);
			path = "Preview Content";
			sourceTree = "<group>";
		};
/* End PBXGroup section */

/* Begin PBXNativeTarget section */
		48AAADA926AE1C96005AB04F /* UDSDMainApp */ = {
			isa = PBXNativeTarget;
			buildConfigurationList = 48AAADB526AE1C97005AB04F /* Build configuration list for PBXNativeTarget "UDSDMainApp" */;
			buildPhases = (
				48AAADA626AE1C96005AB04F /* Sources */,
				48AAADA726AE1C96005AB04F /* Frameworks */,
				48AAADA826AE1C96005AB04F /* Resources */,
			);
			buildRules = (
			);
			dependencies = (
				4814FB8526B7B9E100376C37 /* PBXTargetDependency */,
			);
			name = UDSDMainApp;
			productName = UDSDMainApp;
			productReference = 48AAADAA26AE1C96005AB04F /* UDSDMainApp.app */;
			productType = "com.apple.product-type.application";
		};
		48AAADC726AE1CF8005AB04F /* UDSDHelperApp */ = {
			isa = PBXNativeTarget;
			buildConfigurationList = 48AAADD326AE1CF9005AB04F /* Build configuration list for PBXNativeTarget "UDSDHelperApp" */;
			buildPhases = (
				48AAADC426AE1CF8005AB04F /* Sources */,
				48AAADC526AE1CF8005AB04F /* Frameworks */,
				48AAADC626AE1CF8005AB04F /* Resources */,
			);
			buildRules = (
			);
			dependencies = (
			);
			name = UDSDHelperApp;
			productName = UDSDHelperApp;
			productReference = 48AAADC826AE1CF8005AB04F /* UDSDHelperApp.app */;
			productType = "com.apple.product-type.application";
		};
/* End PBXNativeTarget section */

/* Begin PBXProject section */
		48170D9426A7957300005954 /* Project object */ = {
			isa = PBXProject;
			attributes = {
				BuildIndependentTargetsInParallel = 1;
				LastSwiftUpdateCheck = 1300;
				LastUpgradeCheck = 1300;
				TargetAttributes = {
					48AAADA926AE1C96005AB04F = {
						CreatedOnToolsVersion = 13.0;
					};
					48AAADC726AE1CF8005AB04F = {
						CreatedOnToolsVersion = 13.0;
					};
				};
			};
			buildConfigurationList = 48170D9726A7957300005954 /* Build configuration list for PBXProject "UnixDomainSocketsDemo" */;
			compatibilityVersion = "Xcode 13.0";
			developmentRegion = en;
			hasScannedForEncodings = 0;
			knownRegions = (
				en,
				Base,
			);
			mainGroup = 48170D9326A7957300005954;
			productRefGroup = 48170D9D26A7957300005954 /* Products */;
			projectDirPath = "";
			projectRoot = "";
			targets = (
				48AAADA926AE1C96005AB04F /* UDSDMainApp */,
				48AAADC726AE1CF8005AB04F /* UDSDHelperApp */,
			);
		};
/* End PBXProject section */

/* Begin PBXResourcesBuildPhase section */
		48AAADA826AE1C96005AB04F /* Resources */ = {
			isa = PBXResourcesBuildPhase;
			buildActionMask = 2147483647;
			files = (
				48AAADB426AE1C97005AB04F /* Preview Assets.xcassets in Resources */,
				48AAADB126AE1C97005AB04F /* Assets.xcassets in Resources */,
			);
			runOnlyForDeploymentPostprocessing = 0;
		};
		48AAADC626AE1CF8005AB04F /* Resources */ = {
			isa = PBXResourcesBuildPhase;
			buildActionMask = 2147483647;
			files = (
				48AAADD226AE1CF9005AB04F /* Preview Assets.xcassets in Resources */,
				48AAADCF26AE1CF9005AB04F /* Assets.xcassets in Resources */,
			);
			runOnlyForDeploymentPostprocessing = 0;
		};
/* End PBXResourcesBuildPhase section */

/* Begin PBXSourcesBuildPhase section */
		48AAADA626AE1C96005AB04F /* Sources */ = {
			isa = PBXSourcesBuildPhase;
			buildActionMask = 2147483647;
			files = (
				482D463F26D43054008597FA /* Consumer.swift in Sources */,
				482D465826E3F36A008597FA /* DemoAppKeys.swift in Sources */,
				48AAAE0926AE718A005AB04F /* UDSServer.swift in Sources */,
				482D465B26E48A9F008597FA /* NSString+Truncate.swift in Sources */,
				48AAADAF26AE1C96005AB04F /* MainContentView.swift in Sources */,
				48AAADAD26AE1C96005AB04F /* UDSDMainAppApp.swift in Sources */,
				48AAAE0626AE7181005AB04F /* UDSClient.swift in Sources */,
				4806A09526CDFF50005AEB93 /* OtherApper.swift in Sources */,
				48AAAE0326AE6961005AB04F /* UDSocket.swift in Sources */,
				4806A09726D34788005AEB93 /* Logger.swift in Sources */,
			);
			runOnlyForDeploymentPostprocessing = 0;
		};
		48AAADC426AE1CF8005AB04F /* Sources */ = {
			isa = PBXSourcesBuildPhase;
			buildActionMask = 2147483647;
			files = (
				48AAAE0A26AE718A005AB04F /* UDSServer.swift in Sources */,
				482D465926E3F36A008597FA /* DemoAppKeys.swift in Sources */,
				48AAADCD26AE1CF8005AB04F /* HelperContentView.swift in Sources */,
				482D465C26E48A9F008597FA /* NSString+Truncate.swift in Sources */,
				48AAADCB26AE1CF8005AB04F /* UDSDHelperAppApp.swift in Sources */,
				48AAAE0726AE7181005AB04F /* UDSClient.swift in Sources */,
				4806A09826D34788005AEB93 /* Logger.swift in Sources */,
				482D464126D5A69A008597FA /* OtherApper.swift in Sources */,
				482D463D26D4303E008597FA /* Producer.swift in Sources */,
				48AAAE0426AE6961005AB04F /* UDSocket.swift in Sources */,
			);
			runOnlyForDeploymentPostprocessing = 0;
		};
/* End PBXSourcesBuildPhase section */

/* Begin PBXTargetDependency section */
		4814FB8526B7B9E100376C37 /* PBXTargetDependency */ = {
			isa = PBXTargetDependency;
			target = 48AAADC726AE1CF8005AB04F /* UDSDHelperApp */;
			targetProxy = 4814FB8426B7B9E100376C37 /* PBXContainerItemProxy */;
		};
/* End PBXTargetDependency section */

/* Begin XCBuildConfiguration section */
		48170DA126A7957300005954 /* Debug */ = {
			isa = XCBuildConfiguration;
			buildSettings = {
				ALWAYS_SEARCH_USER_PATHS = NO;
				CLANG_ANALYZER_NONNULL = YES;
				CLANG_ANALYZER_NUMBER_OBJECT_CONVERSION = YES_AGGRESSIVE;
				CLANG_CXX_LANGUAGE_STANDARD = "gnu++14";
				CLANG_CXX_LIBRARY = "libc++";
				CLANG_ENABLE_MODULES = YES;
				CLANG_ENABLE_OBJC_ARC = YES;
				CLANG_ENABLE_OBJC_WEAK = YES;
				CLANG_WARN_BLOCK_CAPTURE_AUTORELEASING = YES;
				CLANG_WARN_BOOL_CONVERSION = YES;
				CLANG_WARN_COMMA = YES;
				CLANG_WARN_CONSTANT_CONVERSION = YES;
				CLANG_WARN_DEPRECATED_OBJC_IMPLEMENTATIONS = YES;
				CLANG_WARN_DIRECT_OBJC_ISA_USAGE = YES_ERROR;
				CLANG_WARN_DOCUMENTATION_COMMENTS = YES;
				CLANG_WARN_EMPTY_BODY = YES;
				CLANG_WARN_ENUM_CONVERSION = YES;
				CLANG_WARN_INFINITE_RECURSION = YES;
				CLANG_WARN_INT_CONVERSION = YES;
				CLANG_WARN_NON_LITERAL_NULL_CONVERSION = YES;
				CLANG_WARN_OBJC_IMPLICIT_RETAIN_SELF = YES;
				CLANG_WARN_OBJC_LITERAL_CONVERSION = YES;
				CLANG_WARN_OBJC_ROOT_CLASS = YES_ERROR;
				CLANG_WARN_QUOTED_INCLUDE_IN_FRAMEWORK_HEADER = YES;
				CLANG_WARN_RANGE_LOOP_ANALYSIS = YES;
				CLANG_WARN_STRICT_PROTOTYPES = YES;
				CLANG_WARN_SUSPICIOUS_MOVE = YES;
				CLANG_WARN_UNGUARDED_AVAILABILITY = YES_AGGRESSIVE;
				CLANG_WARN_UNREACHABLE_CODE = YES;
				CLANG_WARN__DUPLICATE_METHOD_MATCH = YES;
				COPY_PHASE_STRIP = NO;
				DEBUG_INFORMATION_FORMAT = dwarf;
				ENABLE_STRICT_OBJC_MSGSEND = YES;
				ENABLE_TESTABILITY = YES;
				GCC_C_LANGUAGE_STANDARD = gnu11;
				GCC_DYNAMIC_NO_PIC = NO;
				GCC_NO_COMMON_BLOCKS = YES;
				GCC_OPTIMIZATION_LEVEL = 0;
				GCC_PREPROCESSOR_DEFINITIONS = (
					"DEBUG=1",
					"$(inherited)",
				);
				GCC_WARN_64_TO_32_BIT_CONVERSION = YES;
				GCC_WARN_ABOUT_RETURN_TYPE = YES_ERROR;
				GCC_WARN_UNDECLARED_SELECTOR = YES;
				GCC_WARN_UNINITIALIZED_AUTOS = YES_AGGRESSIVE;
				GCC_WARN_UNUSED_FUNCTION = YES;
				GCC_WARN_UNUSED_VARIABLE = YES;
				MACOSX_DEPLOYMENT_TARGET = 11.0;
				MTL_ENABLE_DEBUG_INFO = INCLUDE_SOURCE;
				MTL_FAST_MATH = YES;
				ONLY_ACTIVE_ARCH = YES;
				SDKROOT = macosx;
			};
			name = Debug;
		};
		48170DA226A7957300005954 /* Release */ = {
			isa = XCBuildConfiguration;
			buildSettings = {
				ALWAYS_SEARCH_USER_PATHS = NO;
				CLANG_ANALYZER_NONNULL = YES;
				CLANG_ANALYZER_NUMBER_OBJECT_CONVERSION = YES_AGGRESSIVE;
				CLANG_CXX_LANGUAGE_STANDARD = "gnu++14";
				CLANG_CXX_LIBRARY = "libc++";
				CLANG_ENABLE_MODULES = YES;
				CLANG_ENABLE_OBJC_ARC = YES;
				CLANG_ENABLE_OBJC_WEAK = YES;
				CLANG_WARN_BLOCK_CAPTURE_AUTORELEASING = YES;
				CLANG_WARN_BOOL_CONVERSION = YES;
				CLANG_WARN_COMMA = YES;
				CLANG_WARN_CONSTANT_CONVERSION = YES;
				CLANG_WARN_DEPRECATED_OBJC_IMPLEMENTATIONS = YES;
				CLANG_WARN_DIRECT_OBJC_ISA_USAGE = YES_ERROR;
				CLANG_WARN_DOCUMENTATION_COMMENTS = YES;
				CLANG_WARN_EMPTY_BODY = YES;
				CLANG_WARN_ENUM_CONVERSION = YES;
				CLANG_WARN_INFINITE_RECURSION = YES;
				CLANG_WARN_INT_CONVERSION = YES;
				CLANG_WARN_NON_LITERAL_NULL_CONVERSION = YES;
				CLANG_WARN_OBJC_IMPLICIT_RETAIN_SELF = YES;
				CLANG_WARN_OBJC_LITERAL_CONVERSION = YES;
				CLANG_WARN_OBJC_ROOT_CLASS = YES_ERROR;
				CLANG_WARN_QUOTED_INCLUDE_IN_FRAMEWORK_HEADER = YES;
				CLANG_WARN_RANGE_LOOP_ANALYSIS = YES;
				CLANG_WARN_STRICT_PROTOTYPES = YES;
				CLANG_WARN_SUSPICIOUS_MOVE = YES;
				CLANG_WARN_UNGUARDED_AVAILABILITY = YES_AGGRESSIVE;
				CLANG_WARN_UNREACHABLE_CODE = YES;
				CLANG_WARN__DUPLICATE_METHOD_MATCH = YES;
				COPY_PHASE_STRIP = NO;
				DEBUG_INFORMATION_FORMAT = "dwarf-with-dsym";
				ENABLE_NS_ASSERTIONS = NO;
				ENABLE_STRICT_OBJC_MSGSEND = YES;
				GCC_C_LANGUAGE_STANDARD = gnu11;
				GCC_NO_COMMON_BLOCKS = YES;
				GCC_WARN_64_TO_32_BIT_CONVERSION = YES;
				GCC_WARN_ABOUT_RETURN_TYPE = YES_ERROR;
				GCC_WARN_UNDECLARED_SELECTOR = YES;
				GCC_WARN_UNINITIALIZED_AUTOS = YES_AGGRESSIVE;
				GCC_WARN_UNUSED_FUNCTION = YES;
				GCC_WARN_UNUSED_VARIABLE = YES;
				MACOSX_DEPLOYMENT_TARGET = 11.0;
				MTL_ENABLE_DEBUG_INFO = NO;
				MTL_FAST_MATH = YES;
				SDKROOT = macosx;
			};
			name = Release;
		};
		48AAADB626AE1C97005AB04F /* Debug */ = {
			isa = XCBuildConfiguration;
			buildSettings = {
				ASSETCATALOG_COMPILER_APPICON_NAME = AppIcon;
				ASSETCATALOG_COMPILER_GLOBAL_ACCENT_COLOR_NAME = AccentColor;
				CODE_SIGN_STYLE = Automatic;
				COMBINE_HIDPI_IMAGES = YES;
				CURRENT_PROJECT_VERSION = 1;
				DEVELOPMENT_ASSET_PATHS = "\"Demo Main App/Preview Content\"";
				DEVELOPMENT_TEAM = 4MAMECY9VS;
				ENABLE_HARDENED_RUNTIME = YES;
				ENABLE_PREVIEWS = YES;
				ENABLE_USER_SELECTED_FILES = readonly;
				GENERATE_INFOPLIST_FILE = YES;
				INFOPLIST_KEY_NSHumanReadableCopyright = "";
				LD_RUNPATH_SEARCH_PATHS = (
					"$(inherited)",
					"@executable_path/../Frameworks",
				);
				MARKETING_VERSION = 1.0;
				PRODUCT_BUNDLE_IDENTIFIER = com.sheepsystems.UDSDMainApp;
				PRODUCT_NAME = "$(TARGET_NAME)";
				SWIFT_ACTIVE_COMPILATION_CONDITIONS = DEBUG;
				SWIFT_EMIT_LOC_STRINGS = YES;
				SWIFT_OPTIMIZATION_LEVEL = "-Onone";
				SWIFT_VERSION = 5.0;
			};
			name = Debug;
		};
		48AAADB726AE1C97005AB04F /* Release */ = {
			isa = XCBuildConfiguration;
			buildSettings = {
				ASSETCATALOG_COMPILER_APPICON_NAME = AppIcon;
				ASSETCATALOG_COMPILER_GLOBAL_ACCENT_COLOR_NAME = AccentColor;
				CODE_SIGN_STYLE = Automatic;
				COMBINE_HIDPI_IMAGES = YES;
				CURRENT_PROJECT_VERSION = 1;
				DEVELOPMENT_ASSET_PATHS = "\"Demo Main App/Preview Content\"";
				DEVELOPMENT_TEAM = 4MAMECY9VS;
				ENABLE_HARDENED_RUNTIME = YES;
				ENABLE_PREVIEWS = YES;
				ENABLE_USER_SELECTED_FILES = readonly;
				GENERATE_INFOPLIST_FILE = YES;
				INFOPLIST_KEY_NSHumanReadableCopyright = "";
				LD_RUNPATH_SEARCH_PATHS = (
					"$(inherited)",
					"@executable_path/../Frameworks",
				);
				MARKETING_VERSION = 1.0;
				PRODUCT_BUNDLE_IDENTIFIER = com.sheepsystems.UDSDMainApp;
				PRODUCT_NAME = "$(TARGET_NAME)";
				SWIFT_COMPILATION_MODE = wholemodule;
				SWIFT_EMIT_LOC_STRINGS = YES;
				SWIFT_OPTIMIZATION_LEVEL = "-O";
				SWIFT_VERSION = 5.0;
			};
			name = Release;
		};
		48AAADD426AE1CF9005AB04F /* Debug */ = {
			isa = XCBuildConfiguration;
			buildSettings = {
				ASSETCATALOG_COMPILER_APPICON_NAME = AppIcon;
				ASSETCATALOG_COMPILER_GLOBAL_ACCENT_COLOR_NAME = AccentColor;
				CODE_SIGN_STYLE = Automatic;
				COMBINE_HIDPI_IMAGES = YES;
				CURRENT_PROJECT_VERSION = 1;
				DEVELOPMENT_ASSET_PATHS = "\"Demo Helper App/Preview Content\"";
				DEVELOPMENT_TEAM = 4MAMECY9VS;
				ENABLE_HARDENED_RUNTIME = YES;
				ENABLE_PREVIEWS = YES;
				ENABLE_USER_SELECTED_FILES = readonly;
				GENERATE_INFOPLIST_FILE = YES;
				INFOPLIST_KEY_NSHumanReadableCopyright = "";
				LD_RUNPATH_SEARCH_PATHS = (
					"$(inherited)",
					"@executable_path/../Frameworks",
				);
				MARKETING_VERSION = 1.0;
				PRODUCT_BUNDLE_IDENTIFIER = com.sheepsystems.UDSDHelperApp;
				PRODUCT_NAME = "$(TARGET_NAME)";
				SWIFT_ACTIVE_COMPILATION_CONDITIONS = DEBUG;
				SWIFT_EMIT_LOC_STRINGS = YES;
				SWIFT_OPTIMIZATION_LEVEL = "-Onone";
				SWIFT_VERSION = 5.0;
			};
			name = Debug;
		};
		48AAADD526AE1CF9005AB04F /* Release */ = {
			isa = XCBuildConfiguration;
			buildSettings = {
				ASSETCATALOG_COMPILER_APPICON_NAME = AppIcon;
				ASSETCATALOG_COMPILER_GLOBAL_ACCENT_COLOR_NAME = AccentColor;
				CODE_SIGN_STYLE = Automatic;
				COMBINE_HIDPI_IMAGES = YES;
				CURRENT_PROJECT_VERSION = 1;
				DEVELOPMENT_ASSET_PATHS = "\"Demo Helper App/Preview Content\"";
				DEVELOPMENT_TEAM = 4MAMECY9VS;
				ENABLE_HARDENED_RUNTIME = YES;
				ENABLE_PREVIEWS = YES;
				ENABLE_USER_SELECTED_FILES = readonly;
				GENERATE_INFOPLIST_FILE = YES;
				INFOPLIST_KEY_NSHumanReadableCopyright = "";
				LD_RUNPATH_SEARCH_PATHS = (
					"$(inherited)",
					"@executable_path/../Frameworks",
				);
				MARKETING_VERSION = 1.0;
				PRODUCT_BUNDLE_IDENTIFIER = com.sheepsystems.UDSDHelperApp;
				PRODUCT_NAME = "$(TARGET_NAME)";
				SWIFT_COMPILATION_MODE = wholemodule;
				SWIFT_EMIT_LOC_STRINGS = YES;
				SWIFT_OPTIMIZATION_LEVEL = "-O";
				SWIFT_VERSION = 5.0;
			};
			name = Release;
		};
/* End XCBuildConfiguration section */

/* Begin XCConfigurationList section */
		48170D9726A7957300005954 /* Build configuration list for PBXProject "UnixDomainSocketsDemo" */ = {
			isa = XCConfigurationList;
			buildConfigurations = (
				48170DA126A7957300005954 /* Debug */,
				48170DA226A7957300005954 /* Release */,
			);
			defaultConfigurationIsVisible = 0;
			defaultConfigurationName = Release;
		};
		48AAADB526AE1C97005AB04F /* Build configuration list for PBXNativeTarget "UDSDMainApp" */ = {
			isa = XCConfigurationList;
			buildConfigurations = (
				48AAADB626AE1C97005AB04F /* Debug */,
				48AAADB726AE1C97005AB04F /* Release */,
			);
			defaultConfigurationIsVisible = 0;
			defaultConfigurationName = Release;
		};
		48AAADD326AE1CF9005AB04F /* Build configuration list for PBXNativeTarget "UDSDHelperApp" */ = {
			isa = XCConfigurationList;
			buildConfigurations = (
				48AAADD426AE1CF9005AB04F /* Debug */,
				48AAADD526AE1CF9005AB04F /* Release */,
			);
			defaultConfigurationIsVisible = 0;
			defaultConfigurationName = Release;
		};
/* End XCConfigurationList section */
	};
	rootObject = 48170D9426A7957300005954 /* Project object */;
}
